Microsoft Visual Studio Solution File, Format Version 12.00
# Visual Studio 15
VisualStudioVersion = 15.0.27130.2010
MinimumVisualStudioVersion = 10.0.40219.1
Project("{9A19103F-16F7-4668-BE54-9A1E7A4F7556}") = "MySqlConnector", "src\MySqlConnector\MySqlConnector.csproj", "{F82378AF-274E-4FBA-8E45-27126D607B85}"
EndProject
Project("{9A19103F-16F7-4668-BE54-9A1E7A4F7556}") = "MySqlConnector.Tests", "tests\MySqlConnector.Tests\MySqlConnector.Tests.csproj", "{5E4FF768-D007-4D66-8220-AE789CC614C2}"
EndProject
Project("{9A19103F-16F7-4668-BE54-9A1E7A4F7556}") = "SideBySide", "tests\SideBySide\SideBySide.csproj", "{407C2AC9-0CCA-4D6B-8698-362976D97730}"
EndProject
Project("{9A19103F-16F7-4668-BE54-9A1E7A4F7556}") = "MySqlConnector.Performance", "tests\MySqlConnector.Performance\MySqlConnector.Performance.csproj", "{4339142B-382C-481E-83CF-B7E4A34AD171}"
EndProject
Project("{9A19103F-16F7-4668-BE54-9A1E7A4F7556}") = "Conformance.Tests", "tests\Conformance.Tests\Conformance.Tests.csproj", "{CC0DA702-43E8-471E-9320-F36685C540A1}"
EndProject
Project("{9A19103F-16F7-4668-BE54-9A1E7A4F7556}") = "MySqlConnector.Logging.log4net", "src\MySqlConnector.Logging.log4net\MySqlConnector.Logging.log4net.csproj", "{A15647B8-FA3F-4536-BF4E-4F93F2FBFC75}"
EndProject
Project("{9A19103F-16F7-4668-BE54-9A1E7A4F7556}") = "MySqlConnector.Logging.Microsoft.Extensions.Logging", "src\MySqlConnector.Logging.Microsoft.Extensions.Logging\MySqlConnector.Logging.Microsoft.Extensions.Logging.csproj", "{6A3F1732-F874-463E-9BB8-21690E7B8ED0}"
EndProject
Project("{9A19103F-16F7-4668-BE54-9A1E7A4F7556}") = "MySqlConnector.Logging.Serilog", "src\MySqlConnector.Logging.Serilog\MySqlConnector.Logging.Serilog.csproj", "{38806B85-6526-4A81-9905-45D3411B0AE2}"
EndProject
Project("{9A19103F-16F7-4668-BE54-9A1E7A4F7556}") = "MySqlConnector.Logging.NLog", "src\MySqlConnector.Logging.NLog\MySqlConnector.Logging.NLog.csproj", "{92015BEE-563A-4595-9243-0510D2B8767F}"
EndProject
Global
	GlobalSection(SolutionConfigurationPlatforms) = preSolution
		Debug|Any CPU = Debug|Any CPU
		Release|Any CPU = Release|Any CPU
	EndGlobalSection
	GlobalSection(ProjectConfigurationPlatforms) = postSolution
		{F82378AF-274E-4FBA-8E45-27126D607B85}.Debug|Any CPU.ActiveCfg = Debug|Any CPU
		{F82378AF-274E-4FBA-8E45-27126D607B85}.Debug|Any CPU.Build.0 = Debug|Any CPU
		{F82378AF-274E-4FBA-8E45-27126D607B85}.Release|Any CPU.ActiveCfg = Release|Any CPU
		{F82378AF-274E-4FBA-8E45-27126D607B85}.Release|Any CPU.Build.0 = Release|Any CPU
		{5E4FF768-D007-4D66-8220-AE789CC614C2}.Debug|Any CPU.ActiveCfg = Debug|Any CPU
		{5E4FF768-D007-4D66-8220-AE789CC614C2}.Debug|Any CPU.Build.0 = Debug|Any CPU
		{5E4FF768-D007-4D66-8220-AE789CC614C2}.Release|Any CPU.ActiveCfg = Release|Any CPU
		{5E4FF768-D007-4D66-8220-AE789CC614C2}.Release|Any CPU.Build.0 = Release|Any CPU
		{407C2AC9-0CCA-4D6B-8698-362976D97730}.Debug|Any CPU.ActiveCfg = Debug|Any CPU
		{407C2AC9-0CCA-4D6B-8698-362976D97730}.Debug|Any CPU.Build.0 = Debug|Any CPU
		{407C2AC9-0CCA-4D6B-8698-362976D97730}.Release|Any CPU.ActiveCfg = Release|Any CPU
		{407C2AC9-0CCA-4D6B-8698-362976D97730}.Release|Any CPU.Build.0 = Release|Any CPU
		{4339142B-382C-481E-83CF-B7E4A34AD171}.Debug|Any CPU.ActiveCfg = Debug|Any CPU
		{4339142B-382C-481E-83CF-B7E4A34AD171}.Debug|Any CPU.Build.0 = Debug|Any CPU
		{4339142B-382C-481E-83CF-B7E4A34AD171}.Release|Any CPU.ActiveCfg = Release|Any CPU
		{4339142B-382C-481E-83CF-B7E4A34AD171}.Release|Any CPU.Build.0 = Release|Any CPU
		{CC0DA702-43E8-471E-9320-F36685C540A1}.Debug|Any CPU.ActiveCfg = Debug|Any CPU
		{CC0DA702-43E8-471E-9320-F36685C540A1}.Debug|Any CPU.Build.0 = Debug|Any CPU
		{CC0DA702-43E8-471E-9320-F36685C540A1}.Release|Any CPU.ActiveCfg = Release|Any CPU
		{CC0DA702-43E8-471E-9320-F36685C540A1}.Release|Any CPU.Build.0 = Release|Any CPU
		{A15647B8-FA3F-4536-BF4E-4F93F2FBFC75}.Debug|Any CPU.ActiveCfg = Debug|Any CPU
		{A15647B8-FA3F-4536-BF4E-4F93F2FBFC75}.Debug|Any CPU.Build.0 = Debug|Any CPU
		{A15647B8-FA3F-4536-BF4E-4F93F2FBFC75}.Release|Any CPU.ActiveCfg = Release|Any CPU
		{A15647B8-FA3F-4536-BF4E-4F93F2FBFC75}.Release|Any CPU.Build.0 = Release|Any CPU
		{6A3F1732-F874-463E-9BB8-21690E7B8ED0}.Debug|Any CPU.ActiveCfg = Debug|Any CPU
		{6A3F1732-F874-463E-9BB8-21690E7B8ED0}.Debug|Any CPU.Build.0 = Debug|Any CPU
		{6A3F1732-F874-463E-9BB8-21690E7B8ED0}.Release|Any CPU.ActiveCfg = Release|Any CPU
		{6A3F1732-F874-463E-9BB8-21690E7B8ED0}.Release|Any CPU.Build.0 = Release|Any CPU
		{38806B85-6526-4A81-9905-45D3411B0AE2}.Debug|Any CPU.ActiveCfg = Debug|Any CPU
		{38806B85-6526-4A81-9905-45D3411B0AE2}.Debug|Any CPU.Build.0 = Debug|Any CPU
		{38806B85-6526-4A81-9905-45D3411B0AE2}.Release|Any CPU.ActiveCfg = Release|Any CPU
		{38806B85-6526-4A81-9905-45D3411B0AE2}.Release|Any CPU.Build.0 = Release|Any CPU
		{92015BEE-563A-4595-9243-0510D2B8767F}.Debug|Any CPU.ActiveCfg = Debug|Any CPU
		{92015BEE-563A-4595-9243-0510D2B8767F}.Debug|Any CPU.Build.0 = Debug|Any CPU
		{92015BEE-563A-4595-9243-0510D2B8767F}.Release|Any CPU.ActiveCfg = Release|Any CPU
		{92015BEE-563A-4595-9243-0510D2B8767F}.Release|Any CPU.Build.0 = Release|Any CPU
	EndGlobalSection
	GlobalSection(SolutionProperties) = preSolution
		HideSolutionNode = FALSE
	EndGlobalSection
	GlobalSection(ExtensibilityGlobals) = postSolution
		SolutionGuid = {4784EA55-5DE0-404F-8BEC-E14C202F01FA}
	EndGlobalSection
EndGlobal
