
Microsoft Visual Studio Solution File, Format Version 12.00
# Visual Studio 14
VisualStudioVersion = 14.0.24720.0
MinimumVisualStudioVersion = 10.0.40219.1
Project("{8BB2217D-0F2D-49D1-97BC-3654ED321F3B}") = "MySql.Data", "src\MySql.Data\MySql.Data.xproj", "{F82378AF-274E-4FBA-8E45-27126D607B85}"
EndProject
Project("{8BB2217D-0F2D-49D1-97BC-3654ED321F3B}") = "MySql.Data.Tests", "tests\MySql.Data.Tests\MySql.Data.Tests.xproj", "{5E4FF768-D007-4D66-8220-AE789CC614C2}"
EndProject
Project("{8BB2217D-0F2D-49D1-97BC-3654ED321F3B}") = "SideBySide.New", "tests\SideBySide.New\SideBySide.New.xproj", "{407C2AC9-0CCA-4D6B-8698-362976D97730}"
EndProject
Project("{FAE04EC0-301F-11D3-BF4B-00C04F79EFBC}") = "SideBySide.Baseline", "tests\SideBySide.Baseline\SideBySide.Baseline.csproj", "{28153B35-BB5E-45F7-9B58-54514A5FC5E9}"
EndProject
Global
	GlobalSection(SolutionConfigurationPlatforms) = preSolution
		Debug|Any CPU = Debug|Any CPU
		Release|Any CPU = Release|Any CPU
	EndGlobalSection
	GlobalSection(ProjectConfigurationPlatforms) = postSolution
		{F82378AF-274E-4FBA-8E45-27126D607B85}.Debug|Any CPU.ActiveCfg = Debug|Any CPU
		{F82378AF-274E-4FBA-8E45-27126D607B85}.Debug|Any CPU.Build.0 = Debug|Any CPU
		{F82378AF-274E-4FBA-8E45-27126D607B85}.Release|Any CPU.ActiveCfg = Release|Any CPU
		{F82378AF-274E-4FBA-8E45-27126D607B85}.Release|Any CPU.Build.0 = Release|Any CPU
		{5E4FF768-D007-4D66-8220-AE789CC614C2}.Debug|Any CPU.ActiveCfg = Debug|Any CPU
		{5E4FF768-D007-4D66-8220-AE789CC614C2}.Debug|Any CPU.Build.0 = Debug|Any CPU
		{5E4FF768-D007-4D66-8220-AE789CC614C2}.Release|Any CPU.ActiveCfg = Release|Any CPU
		{5E4FF768-D007-4D66-8220-AE789CC614C2}.Release|Any CPU.Build.0 = Release|Any CPU
		{407C2AC9-0CCA-4D6B-8698-362976D97730}.Debug|Any CPU.ActiveCfg = Debug|Any CPU
		{407C2AC9-0CCA-4D6B-8698-362976D97730}.Debug|Any CPU.Build.0 = Debug|Any CPU
		{407C2AC9-0CCA-4D6B-8698-362976D97730}.Release|Any CPU.ActiveCfg = Release|Any CPU
		{407C2AC9-0CCA-4D6B-8698-362976D97730}.Release|Any CPU.Build.0 = Release|Any CPU
		{28153B35-BB5E-45F7-9B58-54514A5FC5E9}.Debug|Any CPU.ActiveCfg = Debug|Any CPU
		{28153B35-BB5E-45F7-9B58-54514A5FC5E9}.Debug|Any CPU.Build.0 = Debug|Any CPU
		{28153B35-BB5E-45F7-9B58-54514A5FC5E9}.Release|Any CPU.ActiveCfg = Release|Any CPU
		{28153B35-BB5E-45F7-9B58-54514A5FC5E9}.Release|Any CPU.Build.0 = Release|Any CPU
	EndGlobalSection
	GlobalSection(SolutionProperties) = preSolution
		HideSolutionNode = FALSE
	EndGlobalSection
EndGlobal
