
Microsoft Visual Studio Solution File, Format Version 12.00
# Visual Studio 15
VisualStudioVersion = 15.0.26403.7
MinimumVisualStudioVersion = 10.0.40219.1
Project("{FAE04EC0-301F-11D3-BF4B-00C04F79EFBC}") = "Benchmark", "Benchmark.csproj", "{102C06D1-ADB7-4661-9EC5-F6460BFEDB2A}"
EndProject
Project("{9A19103F-16F7-4668-BE54-9A1E7A4F7556}") = "MySqlConnector", "..\..\src\MySqlConnector\MySqlConnector.csproj", "{6B4FEA15-4504-4BF7-B157-CEF9B60CFE13}"
EndProject
Global
	GlobalSection(SolutionConfigurationPlatforms) = preSolution
		Debug|Any CPU = Debug|Any CPU
		Release|Any CPU = Release|Any CPU
	EndGlobalSection
	GlobalSection(ProjectConfigurationPlatforms) = postSolution
		{102C06D1-ADB7-4661-9EC5-F6460BFEDB2A}.Debug|Any CPU.ActiveCfg = Debug|Any CPU
		{102C06D1-ADB7-4661-9EC5-F6460BFEDB2A}.Debug|Any CPU.Build.0 = Debug|Any CPU
		{102C06D1-ADB7-4661-9EC5-F6460BFEDB2A}.Release|Any CPU.ActiveCfg = Release|Any CPU
		{102C06D1-ADB7-4661-9EC5-F6460BFEDB2A}.Release|Any CPU.Build.0 = Release|Any CPU
		{6B4FEA15-4504-4BF7-B157-CEF9B60CFE13}.Debug|Any CPU.ActiveCfg = Debug|Any CPU
		{6B4FEA15-4504-4BF7-B157-CEF9B60CFE13}.Debug|Any CPU.Build.0 = Debug|Any CPU
		{6B4FEA15-4504-4BF7-B157-CEF9B60CFE13}.Release|Any CPU.ActiveCfg = Release|Any CPU
		{6B4FEA15-4504-4BF7-B157-CEF9B60CFE13}.Release|Any CPU.Build.0 = Release|Any CPU
	EndGlobalSection
	GlobalSection(SolutionProperties) = preSolution
		HideSolutionNode = FALSE
	EndGlobalSection
EndGlobal
